// !$*UTF8*$!
{
	archiveVersion = 1;
	classes = {
	};
	objectVersion = 55;
	objects = {

/* Begin PBXBuildFile section */
		13ACFD5A287A103500B1E203 /* AppDelegate.swift in Sources */ = {isa = PBXBuildFile; fileRef = 13ACFD59287A103500B1E203 /* AppDelegate.swift */; };
		13ACFD5C287A103500B1E203 /* SceneDelegate.swift in Sources */ = {isa = PBXBuildFile; fileRef = 13ACFD5B287A103500B1E203 /* SceneDelegate.swift */; };
		13ACFD5E287A103500B1E203 /* AndroidTabbarController.swift in Sources */ = {isa = PBXBuildFile; fileRef = 13ACFD5D287A103500B1E203 /* AndroidTabbarController.swift */; };
		13ACFD61287A103500B1E203 /* Main.storyboard in Resources */ = {isa = PBXBuildFile; fileRef = 13ACFD5F287A103500B1E203 /* Main.storyboard */; };
		13ACFD63287A103700B1E203 /* Assets.xcassets in Resources */ = {isa = PBXBuildFile; fileRef = 13ACFD62287A103700B1E203 /* Assets.xcassets */; };
		13ACFD66287A103700B1E203 /* LaunchScreen.storyboard in Resources */ = {isa = PBXBuildFile; fileRef = 13ACFD64287A103700B1E203 /* LaunchScreen.storyboard */; };
		13ACFD6E287B00EB00B1E203 /* AndroidTabCollectionViewCell.swift in Sources */ = {isa = PBXBuildFile; fileRef = 13ACFD6D287B00EB00B1E203 /* AndroidTabCollectionViewCell.swift */; };
		13ACFD70287B032A00B1E203 /* AndroidTabbarModel.swift in Sources */ = {isa = PBXBuildFile; fileRef = 13ACFD6F287B032A00B1E203 /* AndroidTabbarModel.swift */; };
/* End PBXBuildFile section */

/* Begin PBXFileReference section */
		13ACFD56287A103500B1E203 /* AndroidTabbar.app */ = {isa = PBXFileReference; explicitFileType = wrapper.application; includeInIndex = 0; path = AndroidTabbar.app; sourceTree = BUILT_PRODUCTS_DIR; };
		13ACFD59287A103500B1E203 /* AppDelegate.swift */ = {isa = PBXFileReference; lastKnownFileType = sourcecode.swift; path = AppDelegate.swift; sourceTree = "<group>"; };
		13ACFD5B287A103500B1E203 /* SceneDelegate.swift */ = {isa = PBXFileReference; lastKnownFileType = sourcecode.swift; path = SceneDelegate.swift; sourceTree = "<group>"; };
		13ACFD5D287A103500B1E203 /* AndroidTabbarController.swift */ = {isa = PBXFileReference; lastKnownFileType = sourcecode.swift; path = AndroidTabbarController.swift; sourceTree = "<group>"; };
		13ACFD60287A103500B1E203 /* Base */ = {isa = PBXFileReference; lastKnownFileType = file.storyboard; name = Base; path = Base.lproj/Main.storyboard; sourceTree = "<group>"; };
		13ACFD62287A103700B1E203 /* Assets.xcassets */ = {isa = PBXFileReference; lastKnownFileType = folder.assetcatalog; path = Assets.xcassets; sourceTree = "<group>"; };
		13ACFD65287A103700B1E203 /* Base */ = {isa = PBXFileReference; lastKnownFileType = file.storyboard; name = Base; path = Base.lproj/LaunchScreen.storyboard; sourceTree = "<group>"; };
		13ACFD67287A103700B1E203 /* Info.plist */ = {isa = PBXFileReference; lastKnownFileType = text.plist.xml; path = Info.plist; sourceTree = "<group>"; };
		13ACFD6D287B00EB00B1E203 /* AndroidTabCollectionViewCell.swift */ = {isa = PBXFileReference; lastKnownFileType = sourcecode.swift; path = AndroidTabCollectionViewCell.swift; sourceTree = "<group>"; };
		13ACFD6F287B032A00B1E203 /* AndroidTabbarModel.swift */ = {isa = PBXFileReference; lastKnownFileType = sourcecode.swift; path = AndroidTabbarModel.swift; sourceTree = "<group>"; };
/* End PBXFileReference section */

/* Begin PBXFrameworksBuildPhase section */
		13ACFD53287A103500B1E203 /* Frameworks */ = {
			isa = PBXFrameworksBuildPhase;
			buildActionMask = 2147483647;
			files = (
			);
			runOnlyForDeploymentPostprocessing = 0;
		};
/* End PBXFrameworksBuildPhase section */

/* Begin PBXGroup section */
		13ACFD4D287A103500B1E203 = {
			isa = PBXGroup;
			children = (
				13ACFD58287A103500B1E203 /* AndroidTabbar */,
				13ACFD57287A103500B1E203 /* Products */,
			);
			sourceTree = "<group>";
		};
		13ACFD57287A103500B1E203 /* Products */ = {
			isa = PBXGroup;
			children = (
				13ACFD56287A103500B1E203 /* AndroidTabbar.app */,
			);
			name = Products;
			sourceTree = "<group>";
		};
		13ACFD58287A103500B1E203 /* AndroidTabbar */ = {
			isa = PBXGroup;
			children = (
				13ACFD59287A103500B1E203 /* AppDelegate.swift */,
				13ACFD5B287A103500B1E203 /* SceneDelegate.swift */,
				13ACFD5D287A103500B1E203 /* AndroidTabbarController.swift */,
				13ACFD6D287B00EB00B1E203 /* AndroidTabCollectionViewCell.swift */,
				13ACFD6F287B032A00B1E203 /* AndroidTabbarModel.swift */,
				13ACFD5F287A103500B1E203 /* Main.storyboard */,
				13ACFD62287A103700B1E203 /* Assets.xcassets */,
				13ACFD64287A103700B1E203 /* LaunchScreen.storyboard */,
				13ACFD67287A103700B1E203 /* Info.plist */,
			);
			path = AndroidTabbar;
			sourceTree = "<group>";
		};
/* End PBXGroup section */

/* Begin PBXNativeTarget section */
		13ACFD55287A103500B1E203 /* AndroidTabbar */ = {
			isa = PBXNativeTarget;
			buildConfigurationList = 13ACFD6A287A103700B1E203 /* Build configuration list for PBXNativeTarget "AndroidTabbar" */;
			buildPhases = (
				13ACFD52287A103500B1E203 /* Sources */,
				13ACFD53287A103500B1E203 /* Frameworks */,
				13ACFD54287A103500B1E203 /* Resources */,
			);
			buildRules = (
			);
			dependencies = (
			);
			name = AndroidTabbar;
			productName = AndroidTabbar;
			productReference = 13ACFD56287A103500B1E203 /* AndroidTabbar.app */;
			productType = "com.apple.product-type.application";
		};
/* End PBXNativeTarget section */

/* Begin PBXProject section */
		13ACFD4E287A103500B1E203 /* Project object */ = {
			isa = PBXProject;
			attributes = {
				BuildIndependentTargetsInParallel = 1;
				LastSwiftUpdateCheck = 1330;
				LastUpgradeCheck = 1330;
				TargetAttributes = {
					13ACFD55287A103500B1E203 = {
						CreatedOnToolsVersion = 13.3.1;
					};
				};
			};
			buildConfigurationList = 13ACFD51287A103500B1E203 /* Build configuration list for PBXProject "AndroidTabbar" */;
			compatibilityVersion = "Xcode 13.0";
			developmentRegion = en;
			hasScannedForEncodings = 0;
			knownRegions = (
				en,
				Base,
			);
			mainGroup = 13ACFD4D287A103500B1E203;
			productRefGroup = 13ACFD57287A103500B1E203 /* Products */;
			projectDirPath = "";
			projectRoot = "";
			targets = (
				13ACFD55287A103500B1E203 /* AndroidTabbar */,
			);
		};
/* End PBXProject section */

/* Begin PBXResourcesBuildPhase section */
		13ACFD54287A103500B1E203 /* Resources */ = {
			isa = PBXResourcesBuildPhase;
			buildActionMask = 2147483647;
			files = (
				13ACFD66287A103700B1E203 /* LaunchScreen.storyboard in Resources */,
				13ACFD63287A103700B1E203 /* Assets.xcassets in Resources */,
				13ACFD61287A103500B1E203 /* Main.storyboard in Resources */,
			);
			runOnlyForDeploymentPostprocessing = 0;
		};
/* End PBXResourcesBuildPhase section */

/* Begin PBXSourcesBuildPhase section */
		13ACFD52287A103500B1E203 /* Sources */ = {
			isa = PBXSourcesBuildPhase;
			buildActionMask = 2147483647;
			files = (
				13ACFD6E287B00EB00B1E203 /* AndroidTabCollectionViewCell.swift in Sources */,
				13ACFD5E287A103500B1E203 /* AndroidTabbarController.swift in Sources */,
				13ACFD5A287A103500B1E203 /* AppDelegate.swift in Sources */,
				13ACFD70287B032A00B1E203 /* AndroidTabbarModel.swift in Sources */,
				13ACFD5C287A103500B1E203 /* SceneDelegate.swift in Sources */,
			);
			runOnlyForDeploymentPostprocessing = 0;
		};
/* End PBXSourcesBuildPhase section */

/* Begin PBXVariantGroup section */
		13ACFD5F287A103500B1E203 /* Main.storyboard */ = {
			isa = PBXVariantGroup;
			children = (
				13ACFD60287A103500B1E203 /* Base */,
			);
			name = Main.storyboard;
			sourceTree = "<group>";
		};
		13ACFD64287A103700B1E203 /* LaunchScreen.storyboard */ = {
			isa = PBXVariantGroup;
			children = (
				13ACFD65287A103700B1E203 /* Base */,
			);
			name = LaunchScreen.storyboard;
			sourceTree = "<group>";
		};
/* End PBXVariantGroup section */

/* Begin XCBuildConfiguration section */
		13ACFD68287A103700B1E203 /* Debug */ = {
			isa = XCBuildConfiguration;
			buildSettings = {
				ALWAYS_SEARCH_USER_PATHS = NO;
				CLANG_ANALYZER_NONNULL = YES;
				CLANG_ANALYZER_NUMBER_OBJECT_CONVERSION = YES_AGGRESSIVE;
				CLANG_CXX_LANGUAGE_STANDARD = "gnu++17";
				CLANG_ENABLE_MODULES = YES;
				CLANG_ENABLE_OBJC_ARC = YES;
				CLANG_ENABLE_OBJC_WEAK = YES;
				CLANG_WARN_BLOCK_CAPTURE_AUTORELEASING = YES;
				CLANG_WARN_BOOL_CONVERSION = YES;
				CLANG_WARN_COMMA = YES;
				CLANG_WARN_CONSTANT_CONVERSION = YES;
				CLANG_WARN_DEPRECATED_OBJC_IMPLEMENTATIONS = YES;
				CLANG_WARN_DIRECT_OBJC_ISA_USAGE = YES_ERROR;
				CLANG_WARN_DOCUMENTATION_COMMENTS = YES;
				CLANG_WARN_EMPTY_BODY = YES;
				CLANG_WARN_ENUM_CONVERSION = YES;
				CLANG_WARN_INFINITE_RECURSION = YES;
				CLANG_WARN_INT_CONVERSION = YES;
				CLANG_WARN_NON_LITERAL_NULL_CONVERSION = YES;
				CLANG_WARN_OBJC_IMPLICIT_RETAIN_SELF = YES;
				CLANG_WARN_OBJC_LITERAL_CONVERSION = YES;
				CLANG_WARN_OBJC_ROOT_CLASS = YES_ERROR;
				CLANG_WARN_QUOTED_INCLUDE_IN_FRAMEWORK_HEADER = YES;
				CLANG_WARN_RANGE_LOOP_ANALYSIS = YES;
				CLANG_WARN_STRICT_PROTOTYPES = YES;
				CLANG_WARN_SUSPICIOUS_MOVE = YES;
				CLANG_WARN_UNGUARDED_AVAILABILITY = YES_AGGRESSIVE;
				CLANG_WARN_UNREACHABLE_CODE = YES;
				CLANG_WARN__DUPLICATE_METHOD_MATCH = YES;
				COPY_PHASE_STRIP = NO;
				DEBUG_INFORMATION_FORMAT = dwarf;
				ENABLE_STRICT_OBJC_MSGSEND = YES;
				ENABLE_TESTABILITY = YES;
				GCC_C_LANGUAGE_STANDARD = gnu11;
				GCC_DYNAMIC_NO_PIC = NO;
				GCC_NO_COMMON_BLOCKS = YES;
				GCC_OPTIMIZATION_LEVEL = 0;
				GCC_PREPROCESSOR_DEFINITIONS = (
					"DEBUG=1",
					"$(inherited)",
				);
				GCC_WARN_64_TO_32_BIT_CONVERSION = YES;
				GCC_WARN_ABOUT_RETURN_TYPE = YES_ERROR;
				GCC_WARN_UNDECLARED_SELECTOR = YES;
				GCC_WARN_UNINITIALIZED_AUTOS = YES_AGGRESSIVE;
				GCC_WARN_UNUSED_FUNCTION = YES;
				GCC_WARN_UNUSED_VARIABLE = YES;
				IPHONEOS_DEPLOYMENT_TARGET = 15.4;
				MTL_ENABLE_DEBUG_INFO = INCLUDE_SOURCE;
				MTL_FAST_MATH = YES;
				ONLY_ACTIVE_ARCH = YES;
				SDKROOT = iphoneos;
				SWIFT_ACTIVE_COMPILATION_CONDITIONS = DEBUG;
				SWIFT_OPTIMIZATION_LEVEL = "-Onone";
			};
			name = Debug;
		};
		13ACFD69287A103700B1E203 /* Release */ = {
			isa = XCBuildConfiguration;
			buildSettings = {
				ALWAYS_SEARCH_USER_PATHS = NO;
				CLANG_ANALYZER_NONNULL = YES;
				CLANG_ANALYZER_NUMBER_OBJECT_CONVERSION = YES_AGGRESSIVE;
				CLANG_CXX_LANGUAGE_STANDARD = "gnu++17";
				CLANG_ENABLE_MODULES = YES;
				CLANG_ENABLE_OBJC_ARC = YES;
				CLANG_ENABLE_OBJC_WEAK = YES;
				CLANG_WARN_BLOCK_CAPTURE_AUTORELEASING = YES;
				CLANG_WARN_BOOL_CONVERSION = YES;
				CLANG_WARN_COMMA = YES;
				CLANG_WARN_CONSTANT_CONVERSION = YES;
				CLANG_WARN_DEPRECATED_OBJC_IMPLEMENTATIONS = YES;
				CLANG_WARN_DIRECT_OBJC_ISA_USAGE = YES_ERROR;
				CLANG_WARN_DOCUMENTATION_COMMENTS = YES;
				CLANG_WARN_EMPTY_BODY = YES;
				CLANG_WARN_ENUM_CONVERSION = YES;
				CLANG_WARN_INFINITE_RECURSION = YES;
				CLANG_WARN_INT_CONVERSION = YES;
				CLANG_WARN_NON_LITERAL_NULL_CONVERSION = YES;
				CLANG_WARN_OBJC_IMPLICIT_RETAIN_SELF = YES;
				CLANG_WARN_OBJC_LITERAL_CONVERSION = YES;
				CLANG_WARN_OBJC_ROOT_CLASS = YES_ERROR;
				CLANG_WARN_QUOTED_INCLUDE_IN_FRAMEWORK_HEADER = YES;
				CLANG_WARN_RANGE_LOOP_ANALYSIS = YES;
				CLANG_WARN_STRICT_PROTOTYPES = YES;
				CLANG_WARN_SUSPICIOUS_MOVE = YES;
				CLANG_WARN_UNGUARDED_AVAILABILITY = YES_AGGRESSIVE;
				CLANG_WARN_UNREACHABLE_CODE = YES;
				CLANG_WARN__DUPLICATE_METHOD_MATCH = YES;
				COPY_PHASE_STRIP = NO;
				DEBUG_INFORMATION_FORMAT = "dwarf-with-dsym";
				ENABLE_NS_ASSERTIONS = NO;
				ENABLE_STRICT_OBJC_MSGSEND = YES;
				GCC_C_LANGUAGE_STANDARD = gnu11;
				GCC_NO_COMMON_BLOCKS = YES;
				GCC_WARN_64_TO_32_BIT_CONVERSION = YES;
				GCC_WARN_ABOUT_RETURN_TYPE = YES_ERROR;
				GCC_WARN_UNDECLARED_SELECTOR = YES;
				GCC_WARN_UNINITIALIZED_AUTOS = YES_AGGRESSIVE;
				GCC_WARN_UNUSED_FUNCTION = YES;
				GCC_WARN_UNUSED_VARIABLE = YES;
				IPHONEOS_DEPLOYMENT_TARGET = 15.4;
				MTL_ENABLE_DEBUG_INFO = NO;
				MTL_FAST_MATH = YES;
				SDKROOT = iphoneos;
				SWIFT_COMPILATION_MODE = wholemodule;
				SWIFT_OPTIMIZATION_LEVEL = "-O";
				VALIDATE_PRODUCT = YES;
			};
			name = Release;
		};
		13ACFD6B287A103700B1E203 /* Debug */ = {
			isa = XCBuildConfiguration;
			buildSettings = {
				ASSETCATALOG_COMPILER_APPICON_NAME = AppIcon;
				ASSETCATALOG_COMPILER_GLOBAL_ACCENT_COLOR_NAME = AccentColor;
				CODE_SIGN_STYLE = Automatic;
				CURRENT_PROJECT_VERSION = 1;
				DEVELOPMENT_TEAM = MML7BJ3CA7;
				GENERATE_INFOPLIST_FILE = YES;
				INFOPLIST_FILE = AndroidTabbar/Info.plist;
				INFOPLIST_KEY_UIApplicationSupportsIndirectInputEvents = YES;
				INFOPLIST_KEY_UILaunchStoryboardName = LaunchScreen;
				INFOPLIST_KEY_UIMainStoryboardFile = Main;
				INFOPLIST_KEY_UISupportedInterfaceOrientations_iPad = "UIInterfaceOrientationPortrait UIInterfaceOrientationPortraitUpsideDown UIInterfaceOrientationLandscapeLeft UIInterfaceOrientationLandscapeRight";
				INFOPLIST_KEY_UISupportedInterfaceOrientations_iPhone = "UIInterfaceOrientationPortrait UIInterfaceOrientationLandscapeLeft UIInterfaceOrientationLandscapeRight";
				LD_RUNPATH_SEARCH_PATHS = (
					"$(inherited)",
					"@executable_path/Frameworks",
				);
				MARKETING_VERSION = 1.0;
				PRODUCT_BUNDLE_IDENTIFIER = io.demo.AndroidTabbar;
				PRODUCT_NAME = "$(TARGET_NAME)";
				SWIFT_EMIT_LOC_STRINGS = YES;
				SWIFT_VERSION = 5.0;
				TARGETED_DEVICE_FAMILY = "1,2";
			};
			name = Debug;
		};
		13ACFD6C287A103700B1E203 /* Release */ = {
			isa = XCBuildConfiguration;
			buildSettings = {
				ASSETCATALOG_COMPILER_APPICON_NAME = AppIcon;
				ASSETCATALOG_COMPILER_GLOBAL_ACCENT_COLOR_NAME = AccentColor;
				CODE_SIGN_STYLE = Automatic;
				CURRENT_PROJECT_VERSION = 1;
				DEVELOPMENT_TEAM = MML7BJ3CA7;
				GENERATE_INFOPLIST_FILE = YES;
				INFOPLIST_FILE = AndroidTabbar/Info.plist;
				INFOPLIST_KEY_UIApplicationSupportsIndirectInputEvents = YES;
				INFOPLIST_KEY_UILaunchStoryboardName = LaunchScreen;
				INFOPLIST_KEY_UIMainStoryboardFile = Main;
				INFOPLIST_KEY_UISupportedInterfaceOrientations_iPad = "UIInterfaceOrientationPortrait UIInterfaceOrientationPortraitUpsideDown UIInterfaceOrientationLandscapeLeft UIInterfaceOrientationLandscapeRight";
				INFOPLIST_KEY_UISupportedInterfaceOrientations_iPhone = "UIInterfaceOrientationPortrait UIInterfaceOrientationLandscapeLeft UIInterfaceOrientationLandscapeRight";
				LD_RUNPATH_SEARCH_PATHS = (
					"$(inherited)",
					"@executable_path/Frameworks",
				);
				MARKETING_VERSION = 1.0;
				PRODUCT_BUNDLE_IDENTIFIER = io.demo.AndroidTabbar;
				PRODUCT_NAME = "$(TARGET_NAME)";
				SWIFT_EMIT_LOC_STRINGS = YES;
				SWIFT_VERSION = 5.0;
				TARGETED_DEVICE_FAMILY = "1,2";
			};
			name = Release;
		};
/* End XCBuildConfiguration section */

/* Begin XCConfigurationList section */
		13ACFD51287A103500B1E203 /* Build configuration list for PBXProject "AndroidTabbar" */ = {
			isa = XCConfigurationList;
			buildConfigurations = (
				13ACFD68287A103700B1E203 /* Debug */,
				13ACFD69287A103700B1E203 /* Release */,
			);
			defaultConfigurationIsVisible = 0;
			defaultConfigurationName = Release;
		};
		13ACFD6A287A103700B1E203 /* Build configuration list for PBXNativeTarget "AndroidTabbar" */ = {
			isa = XCConfigurationList;
			buildConfigurations = (
				13ACFD6B287A103700B1E203 /* Debug */,
				13ACFD6C287A103700B1E203 /* Release */,
			);
			defaultConfigurationIsVisible = 0;
			defaultConfigurationName = Release;
		};
/* End XCConfigurationList section */
	};
	rootObject = 13ACFD4E287A103500B1E203 /* Project object */;
}
